// !$*UTF8*$!
{
	archiveVersion = 1;
	classes = {
	};
	objectVersion = 56;
	objects = {

/* Begin PBXBuildFile section */
		8F52D9152A9AFC6F0084D0F3 /* TodoListApp.swift in Sources */ = {isa = PBXBuildFile; fileRef = 8F52D9142A9AFC6F0084D0F3 /* TodoListApp.swift */; };
		8F52D9172A9AFC6F0084D0F3 /* MainView.swift in Sources */ = {isa = PBXBuildFile; fileRef = 8F52D9162A9AFC6F0084D0F3 /* MainView.swift */; };
		8F52D9192A9AFC700084D0F3 /* Assets.xcassets in Resources */ = {isa = PBXBuildFile; fileRef = 8F52D9182A9AFC700084D0F3 /* Assets.xcassets */; };
		8F52D91C2A9AFC700084D0F3 /* Preview Assets.xcassets in Resources */ = {isa = PBXBuildFile; fileRef = 8F52D91B2A9AFC700084D0F3 /* Preview Assets.xcassets */; };
		8F52D9242A9B01E40084D0F3 /* FirebaseAuth in Frameworks */ = {isa = PBXBuildFile; productRef = 8F52D9232A9B01E40084D0F3 /* FirebaseAuth */; };
		8F52D9262A9B01E40084D0F3 /* FirebaseFirestore in Frameworks */ = {isa = PBXBuildFile; productRef = 8F52D9252A9B01E40084D0F3 /* FirebaseFirestore */; };
		8F52D9282A9B01E40084D0F3 /* FirebaseFirestoreSwift in Frameworks */ = {isa = PBXBuildFile; productRef = 8F52D9272A9B01E40084D0F3 /* FirebaseFirestoreSwift */; };
		8F52D92A2A9B04350084D0F3 /* GoogleService-Info.plist in Resources */ = {isa = PBXBuildFile; fileRef = 8F52D9292A9B04350084D0F3 /* GoogleService-Info.plist */; };
		8F52D9302A9B07E90084D0F3 /* ProfileView.swift in Sources */ = {isa = PBXBuildFile; fileRef = 8F52D92F2A9B07E90084D0F3 /* ProfileView.swift */; };
		8F52D9322A9B08200084D0F3 /* ToDoListItemsView.swift in Sources */ = {isa = PBXBuildFile; fileRef = 8F52D9312A9B08200084D0F3 /* ToDoListItemsView.swift */; };
		8F52D9342A9B08320084D0F3 /* NewItemView.swift in Sources */ = {isa = PBXBuildFile; fileRef = 8F52D9332A9B08320084D0F3 /* NewItemView.swift */; };
		8F52D9362A9B084F0084D0F3 /* LoginView.swift in Sources */ = {isa = PBXBuildFile; fileRef = 8F52D9352A9B084F0084D0F3 /* LoginView.swift */; };
		8F52D9382A9B087A0084D0F3 /* RegisterView.swift in Sources */ = {isa = PBXBuildFile; fileRef = 8F52D9372A9B087A0084D0F3 /* RegisterView.swift */; };
		8F52D93C2A9B09230084D0F3 /* ToDoListItemView.swift in Sources */ = {isa = PBXBuildFile; fileRef = 8F52D93B2A9B09230084D0F3 /* ToDoListItemView.swift */; };
		8F52D93E2A9B099A0084D0F3 /* UserModel.swift in Sources */ = {isa = PBXBuildFile; fileRef = 8F52D93D2A9B099A0084D0F3 /* UserModel.swift */; };
		8F52D9402A9B09A60084D0F3 /* ToDoModel.swift in Sources */ = {isa = PBXBuildFile; fileRef = 8F52D93F2A9B09A60084D0F3 /* ToDoModel.swift */; };
		8F52D9422A9B0A3F0084D0F3 /* MainViewViewModel.swift in Sources */ = {isa = PBXBuildFile; fileRef = 8F52D9412A9B0A3F0084D0F3 /* MainViewViewModel.swift */; };
		8F52D9442A9B0A500084D0F3 /* ProfileViewViewModel.swift in Sources */ = {isa = PBXBuildFile; fileRef = 8F52D9432A9B0A500084D0F3 /* ProfileViewViewModel.swift */; };
		8F52D9462A9B0A650084D0F3 /* NewItemViewViewModel.swift in Sources */ = {isa = PBXBuildFile; fileRef = 8F52D9452A9B0A650084D0F3 /* NewItemViewViewModel.swift */; };
		8F52D9482A9B0A820084D0F3 /* ToDoListItemsViewViewModel.swift in Sources */ = {isa = PBXBuildFile; fileRef = 8F52D9472A9B0A820084D0F3 /* ToDoListItemsViewViewModel.swift */; };
		8F52D94A2A9B0A950084D0F3 /* TodoListItemViewViewModel.swift in Sources */ = {isa = PBXBuildFile; fileRef = 8F52D9492A9B0A950084D0F3 /* TodoListItemViewViewModel.swift */; };
		8F52D94C2A9B0AA60084D0F3 /* LoginViewViewModel.swift in Sources */ = {isa = PBXBuildFile; fileRef = 8F52D94B2A9B0AA60084D0F3 /* LoginViewViewModel.swift */; };
		8F52D94E2A9B0AB50084D0F3 /* RegisterViewViewModel.swift in Sources */ = {isa = PBXBuildFile; fileRef = 8F52D94D2A9B0AB50084D0F3 /* RegisterViewViewModel.swift */; };
		8F52D9542A9B13530084D0F3 /* HeaderView.swift in Sources */ = {isa = PBXBuildFile; fileRef = 8F52D9532A9B13530084D0F3 /* HeaderView.swift */; };
/* End PBXBuildFile section */

/* Begin PBXFileReference section */
		8F52D9112A9AFC6F0084D0F3 /* TodoList.app */ = {isa = PBXFileReference; explicitFileType = wrapper.application; includeInIndex = 0; path = TodoList.app; sourceTree = BUILT_PRODUCTS_DIR; };
		8F52D9142A9AFC6F0084D0F3 /* TodoListApp.swift */ = {isa = PBXFileReference; lastKnownFileType = sourcecode.swift; path = TodoListApp.swift; sourceTree = "<group>"; };
		8F52D9162A9AFC6F0084D0F3 /* MainView.swift */ = {isa = PBXFileReference; lastKnownFileType = sourcecode.swift; path = MainView.swift; sourceTree = "<group>"; };
		8F52D9182A9AFC700084D0F3 /* Assets.xcassets */ = {isa = PBXFileReference; lastKnownFileType = folder.assetcatalog; path = Assets.xcassets; sourceTree = "<group>"; };
		8F52D91B2A9AFC700084D0F3 /* Preview Assets.xcassets */ = {isa = PBXFileReference; lastKnownFileType = folder.assetcatalog; path = "Preview Assets.xcassets"; sourceTree = "<group>"; };
		8F52D9292A9B04350084D0F3 /* GoogleService-Info.plist */ = {isa = PBXFileReference; fileEncoding = 4; lastKnownFileType = text.plist.xml; path = "GoogleService-Info.plist"; sourceTree = "<group>"; };
		8F52D92F2A9B07E90084D0F3 /* ProfileView.swift */ = {isa = PBXFileReference; lastKnownFileType = sourcecode.swift; path = ProfileView.swift; sourceTree = "<group>"; };
		8F52D9312A9B08200084D0F3 /* ToDoListItemsView.swift */ = {isa = PBXFileReference; lastKnownFileType = sourcecode.swift; path = ToDoListItemsView.swift; sourceTree = "<group>"; };
		8F52D9332A9B08320084D0F3 /* NewItemView.swift */ = {isa = PBXFileReference; lastKnownFileType = sourcecode.swift; path = NewItemView.swift; sourceTree = "<group>"; };
		8F52D9352A9B084F0084D0F3 /* LoginView.swift */ = {isa = PBXFileReference; lastKnownFileType = sourcecode.swift; path = LoginView.swift; sourceTree = "<group>"; };
		8F52D9372A9B087A0084D0F3 /* RegisterView.swift */ = {isa = PBXFileReference; lastKnownFileType = sourcecode.swift; path = RegisterView.swift; sourceTree = "<group>"; };
		8F52D93B2A9B09230084D0F3 /* ToDoListItemView.swift */ = {isa = PBXFileReference; lastKnownFileType = sourcecode.swift; path = ToDoListItemView.swift; sourceTree = "<group>"; };
		8F52D93D2A9B099A0084D0F3 /* UserModel.swift */ = {isa = PBXFileReference; lastKnownFileType = sourcecode.swift; path = UserModel.swift; sourceTree = "<group>"; };
		8F52D93F2A9B09A60084D0F3 /* ToDoModel.swift */ = {isa = PBXFileReference; lastKnownFileType = sourcecode.swift; path = ToDoModel.swift; sourceTree = "<group>"; };
		8F52D9412A9B0A3F0084D0F3 /* MainViewViewModel.swift */ = {isa = PBXFileReference; lastKnownFileType = sourcecode.swift; path = MainViewViewModel.swift; sourceTree = "<group>"; };
		8F52D9432A9B0A500084D0F3 /* ProfileViewViewModel.swift */ = {isa = PBXFileReference; lastKnownFileType = sourcecode.swift; path = ProfileViewViewModel.swift; sourceTree = "<group>"; };
		8F52D9452A9B0A650084D0F3 /* NewItemViewViewModel.swift */ = {isa = PBXFileReference; lastKnownFileType = sourcecode.swift; path = NewItemViewViewModel.swift; sourceTree = "<group>"; };
		8F52D9472A9B0A820084D0F3 /* ToDoListItemsViewViewModel.swift */ = {isa = PBXFileReference; lastKnownFileType = sourcecode.swift; path = ToDoListItemsViewViewModel.swift; sourceTree = "<group>"; };
		8F52D9492A9B0A950084D0F3 /* TodoListItemViewViewModel.swift */ = {isa = PBXFileReference; lastKnownFileType = sourcecode.swift; path = TodoListItemViewViewModel.swift; sourceTree = "<group>"; };
		8F52D94B2A9B0AA60084D0F3 /* LoginViewViewModel.swift */ = {isa = PBXFileReference; lastKnownFileType = sourcecode.swift; path = LoginViewViewModel.swift; sourceTree = "<group>"; };
		8F52D94D2A9B0AB50084D0F3 /* RegisterViewViewModel.swift */ = {isa = PBXFileReference; lastKnownFileType = sourcecode.swift; path = RegisterViewViewModel.swift; sourceTree = "<group>"; };
		8F52D9532A9B13530084D0F3 /* HeaderView.swift */ = {isa = PBXFileReference; lastKnownFileType = sourcecode.swift; path = HeaderView.swift; sourceTree = "<group>"; };
/* End PBXFileReference section */

/* Begin PBXFrameworksBuildPhase section */
		8F52D90E2A9AFC6F0084D0F3 /* Frameworks */ = {
			isa = PBXFrameworksBuildPhase;
			buildActionMask = 2147483647;
			files = (
				8F52D9242A9B01E40084D0F3 /* FirebaseAuth in Frameworks */,
				8F52D9262A9B01E40084D0F3 /* FirebaseFirestore in Frameworks */,
				8F52D9282A9B01E40084D0F3 /* FirebaseFirestoreSwift in Frameworks */,
			);
			runOnlyForDeploymentPostprocessing = 0;
		};
/* End PBXFrameworksBuildPhase section */

/* Begin PBXGroup section */
		8F52D9082A9AFC6F0084D0F3 = {
			isa = PBXGroup;
			children = (
				8F52D9132A9AFC6F0084D0F3 /* TodoList */,
				8F52D9122A9AFC6F0084D0F3 /* Products */,
			);
			sourceTree = "<group>";
		};
		8F52D9122A9AFC6F0084D0F3 /* Products */ = {
			isa = PBXGroup;
			children = (
				8F52D9112A9AFC6F0084D0F3 /* TodoList.app */,
			);
			name = Products;
			sourceTree = "<group>";
		};
		8F52D9132A9AFC6F0084D0F3 /* TodoList */ = {
			isa = PBXGroup;
			children = (
				8F52D92E2A9B061B0084D0F3 /* Other */,
				8F52D92D2A9B05FE0084D0F3 /* Models */,
				8F52D92C2A9B05D90084D0F3 /* ViewModels */,
				8F52D92B2A9B05CB0084D0F3 /* Views */,
				8F52D91A2A9AFC700084D0F3 /* Preview Content */,
			);
			path = TodoList;
			sourceTree = "<group>";
		};
		8F52D91A2A9AFC700084D0F3 /* Preview Content */ = {
			isa = PBXGroup;
			children = (
				8F52D91B2A9AFC700084D0F3 /* Preview Assets.xcassets */,
			);
			path = "Preview Content";
			sourceTree = "<group>";
		};
		8F52D92B2A9B05CB0084D0F3 /* Views */ = {
			isa = PBXGroup;
			children = (
				8F52D93A2A9B08C10084D0F3 /* ToDo */,
				8F52D9392A9B08920084D0F3 /* Auth */,
				8F52D92F2A9B07E90084D0F3 /* ProfileView.swift */,
				8F52D9162A9AFC6F0084D0F3 /* MainView.swift */,
			);
			path = Views;
			sourceTree = "<group>";
		};
		8F52D92C2A9B05D90084D0F3 /* ViewModels */ = {
			isa = PBXGroup;
			children = (
				8F52D9412A9B0A3F0084D0F3 /* MainViewViewModel.swift */,
				8F52D9432A9B0A500084D0F3 /* ProfileViewViewModel.swift */,
				8F52D9452A9B0A650084D0F3 /* NewItemViewViewModel.swift */,
				8F52D9472A9B0A820084D0F3 /* ToDoListItemsViewViewModel.swift */,
				8F52D9492A9B0A950084D0F3 /* TodoListItemViewViewModel.swift */,
				8F52D94B2A9B0AA60084D0F3 /* LoginViewViewModel.swift */,
				8F52D94D2A9B0AB50084D0F3 /* RegisterViewViewModel.swift */,
			);
			path = ViewModels;
			sourceTree = "<group>";
		};
		8F52D92D2A9B05FE0084D0F3 /* Models */ = {
			isa = PBXGroup;
			children = (
				8F52D93D2A9B099A0084D0F3 /* UserModel.swift */,
				8F52D93F2A9B09A60084D0F3 /* ToDoModel.swift */,
			);
			path = Models;
			sourceTree = "<group>";
		};
		8F52D92E2A9B061B0084D0F3 /* Other */ = {
			isa = PBXGroup;
			children = (
				8F52D9292A9B04350084D0F3 /* GoogleService-Info.plist */,
				8F52D9182A9AFC700084D0F3 /* Assets.xcassets */,
				8F52D9142A9AFC6F0084D0F3 /* TodoListApp.swift */,
			);
			path = Other;
			sourceTree = "<group>";
		};
		8F52D9392A9B08920084D0F3 /* Auth */ = {
			isa = PBXGroup;
			children = (
				8F52D9352A9B084F0084D0F3 /* LoginView.swift */,
				8F52D9372A9B087A0084D0F3 /* RegisterView.swift */,
				8F52D9532A9B13530084D0F3 /* HeaderView.swift */,
			);
			path = Auth;
			sourceTree = "<group>";
		};
		8F52D93A2A9B08C10084D0F3 /* ToDo */ = {
			isa = PBXGroup;
			children = (
				8F52D9332A9B08320084D0F3 /* NewItemView.swift */,
				8F52D9312A9B08200084D0F3 /* ToDoListItemsView.swift */,
				8F52D93B2A9B09230084D0F3 /* ToDoListItemView.swift */,
			);
			path = ToDo;
			sourceTree = "<group>";
		};
/* End PBXGroup section */

/* Begin PBXNativeTarget section */
		8F52D9102A9AFC6F0084D0F3 /* TodoList */ = {
			isa = PBXNativeTarget;
			buildConfigurationList = 8F52D91F2A9AFC700084D0F3 /* Build configuration list for PBXNativeTarget "TodoList" */;
			buildPhases = (
				8F52D90D2A9AFC6F0084D0F3 /* Sources */,
				8F52D90E2A9AFC6F0084D0F3 /* Frameworks */,
				8F52D90F2A9AFC6F0084D0F3 /* Resources */,
			);
			buildRules = (
			);
			dependencies = (
			);
			name = TodoList;
			packageProductDependencies = (
				8F52D9232A9B01E40084D0F3 /* FirebaseAuth */,
				8F52D9252A9B01E40084D0F3 /* FirebaseFirestore */,
				8F52D9272A9B01E40084D0F3 /* FirebaseFirestoreSwift */,
			);
			productName = TodoList;
			productReference = 8F52D9112A9AFC6F0084D0F3 /* TodoList.app */;
			productType = "com.apple.product-type.application";
		};
/* End PBXNativeTarget section */

/* Begin PBXProject section */
		8F52D9092A9AFC6F0084D0F3 /* Project object */ = {
			isa = PBXProject;
			attributes = {
				BuildIndependentTargetsInParallel = 1;
				LastSwiftUpdateCheck = 1430;
				LastUpgradeCheck = 1430;
				TargetAttributes = {
					8F52D9102A9AFC6F0084D0F3 = {
						CreatedOnToolsVersion = 14.3.1;
					};
				};
			};
			buildConfigurationList = 8F52D90C2A9AFC6F0084D0F3 /* Build configuration list for PBXProject "TodoList" */;
			compatibilityVersion = "Xcode 14.0";
			developmentRegion = en;
			hasScannedForEncodings = 0;
			knownRegions = (
				en,
				Base,
			);
			mainGroup = 8F52D9082A9AFC6F0084D0F3;
			packageReferences = (
				8F52D9222A9B01E40084D0F3 /* XCRemoteSwiftPackageReference "firebase-ios-sdk" */,
			);
			productRefGroup = 8F52D9122A9AFC6F0084D0F3 /* Products */;
			projectDirPath = "";
			projectRoot = "";
			targets = (
				8F52D9102A9AFC6F0084D0F3 /* TodoList */,
			);
		};
/* End PBXProject section */

/* Begin PBXResourcesBuildPhase section */
		8F52D90F2A9AFC6F0084D0F3 /* Resources */ = {
			isa = PBXResourcesBuildPhase;
			buildActionMask = 2147483647;
			files = (
				8F52D91C2A9AFC700084D0F3 /* Preview Assets.xcassets in Resources */,
				8F52D9192A9AFC700084D0F3 /* Assets.xcassets in Resources */,
				8F52D92A2A9B04350084D0F3 /* GoogleService-Info.plist in Resources */,
			);
			runOnlyForDeploymentPostprocessing = 0;
		};
/* End PBXResourcesBuildPhase section */

/* Begin PBXSourcesBuildPhase section */
		8F52D90D2A9AFC6F0084D0F3 /* Sources */ = {
			isa = PBXSourcesBuildPhase;
			buildActionMask = 2147483647;
			files = (
				8F52D9362A9B084F0084D0F3 /* LoginView.swift in Sources */,
				8F52D9542A9B13530084D0F3 /* HeaderView.swift in Sources */,
				8F52D9172A9AFC6F0084D0F3 /* MainView.swift in Sources */,
				8F52D94E2A9B0AB50084D0F3 /* RegisterViewViewModel.swift in Sources */,
				8F52D9422A9B0A3F0084D0F3 /* MainViewViewModel.swift in Sources */,
				8F52D94C2A9B0AA60084D0F3 /* LoginViewViewModel.swift in Sources */,
				8F52D9462A9B0A650084D0F3 /* NewItemViewViewModel.swift in Sources */,
				8F52D9302A9B07E90084D0F3 /* ProfileView.swift in Sources */,
				8F52D94A2A9B0A950084D0F3 /* TodoListItemViewViewModel.swift in Sources */,
				8F52D9382A9B087A0084D0F3 /* RegisterView.swift in Sources */,
				8F52D9442A9B0A500084D0F3 /* ProfileViewViewModel.swift in Sources */,
				8F52D9322A9B08200084D0F3 /* ToDoListItemsView.swift in Sources */,
				8F52D9482A9B0A820084D0F3 /* ToDoListItemsViewViewModel.swift in Sources */,
				8F52D93C2A9B09230084D0F3 /* ToDoListItemView.swift in Sources */,
				8F52D9152A9AFC6F0084D0F3 /* TodoListApp.swift in Sources */,
				8F52D9402A9B09A60084D0F3 /* ToDoModel.swift in Sources */,
				8F52D93E2A9B099A0084D0F3 /* UserModel.swift in Sources */,
				8F52D9342A9B08320084D0F3 /* NewItemView.swift in Sources */,
			);
			runOnlyForDeploymentPostprocessing = 0;
		};
/* End PBXSourcesBuildPhase section */

/* Begin XCBuildConfiguration section */
		8F52D91D2A9AFC700084D0F3 /* Debug */ = {
			isa = XCBuildConfiguration;
			buildSettings = {
				ALWAYS_SEARCH_USER_PATHS = NO;
				CLANG_ANALYZER_NONNULL = YES;
				CLANG_ANALYZER_NUMBER_OBJECT_CONVERSION = YES_AGGRESSIVE;
				CLANG_CXX_LANGUAGE_STANDARD = "gnu++20";
				CLANG_ENABLE_MODULES = YES;
				CLANG_ENABLE_OBJC_ARC = YES;
				CLANG_ENABLE_OBJC_WEAK = YES;
				CLANG_WARN_BLOCK_CAPTURE_AUTORELEASING = YES;
				CLANG_WARN_BOOL_CONVERSION = YES;
				CLANG_WARN_COMMA = YES;
				CLANG_WARN_CONSTANT_CONVERSION = YES;
				CLANG_WARN_DEPRECATED_OBJC_IMPLEMENTATIONS = YES;
				CLANG_WARN_DIRECT_OBJC_ISA_USAGE = YES_ERROR;
				CLANG_WARN_DOCUMENTATION_COMMENTS = YES;
				CLANG_WARN_EMPTY_BODY = YES;
				CLANG_WARN_ENUM_CONVERSION = YES;
				CLANG_WARN_INFINITE_RECURSION = YES;
				CLANG_WARN_INT_CONVERSION = YES;
				CLANG_WARN_NON_LITERAL_NULL_CONVERSION = YES;
				CLANG_WARN_OBJC_IMPLICIT_RETAIN_SELF = YES;
				CLANG_WARN_OBJC_LITERAL_CONVERSION = YES;
				CLANG_WARN_OBJC_ROOT_CLASS = YES_ERROR;
				CLANG_WARN_QUOTED_INCLUDE_IN_FRAMEWORK_HEADER = YES;
				CLANG_WARN_RANGE_LOOP_ANALYSIS = YES;
				CLANG_WARN_STRICT_PROTOTYPES = YES;
				CLANG_WARN_SUSPICIOUS_MOVE = YES;
				CLANG_WARN_UNGUARDED_AVAILABILITY = YES_AGGRESSIVE;
				CLANG_WARN_UNREACHABLE_CODE = YES;
				CLANG_WARN__DUPLICATE_METHOD_MATCH = YES;
				COPY_PHASE_STRIP = NO;
				DEBUG_INFORMATION_FORMAT = dwarf;
				ENABLE_STRICT_OBJC_MSGSEND = YES;
				ENABLE_TESTABILITY = YES;
				GCC_C_LANGUAGE_STANDARD = gnu11;
				GCC_DYNAMIC_NO_PIC = NO;
				GCC_NO_COMMON_BLOCKS = YES;
				GCC_OPTIMIZATION_LEVEL = 0;
				GCC_PREPROCESSOR_DEFINITIONS = (
					"DEBUG=1",
					"$(inherited)",
				);
				GCC_WARN_64_TO_32_BIT_CONVERSION = YES;
				GCC_WARN_ABOUT_RETURN_TYPE = YES_ERROR;
				GCC_WARN_UNDECLARED_SELECTOR = YES;
				GCC_WARN_UNINITIALIZED_AUTOS = YES_AGGRESSIVE;
				GCC_WARN_UNUSED_FUNCTION = YES;
				GCC_WARN_UNUSED_VARIABLE = YES;
				IPHONEOS_DEPLOYMENT_TARGET = 16.4;
				MTL_ENABLE_DEBUG_INFO = INCLUDE_SOURCE;
				MTL_FAST_MATH = YES;
				ONLY_ACTIVE_ARCH = YES;
				SDKROOT = iphoneos;
				SWIFT_ACTIVE_COMPILATION_CONDITIONS = DEBUG;
				SWIFT_OPTIMIZATION_LEVEL = "-Onone";
			};
			name = Debug;
		};
		8F52D91E2A9AFC700084D0F3 /* Release */ = {
			isa = XCBuildConfiguration;
			buildSettings = {
				ALWAYS_SEARCH_USER_PATHS = NO;
				CLANG_ANALYZER_NONNULL = YES;
				CLANG_ANALYZER_NUMBER_OBJECT_CONVERSION = YES_AGGRESSIVE;
				CLANG_CXX_LANGUAGE_STANDARD = "gnu++20";
				CLANG_ENABLE_MODULES = YES;
				CLANG_ENABLE_OBJC_ARC = YES;
				CLANG_ENABLE_OBJC_WEAK = YES;
				CLANG_WARN_BLOCK_CAPTURE_AUTORELEASING = YES;
				CLANG_WARN_BOOL_CONVERSION = YES;
				CLANG_WARN_COMMA = YES;
				CLANG_WARN_CONSTANT_CONVERSION = YES;
				CLANG_WARN_DEPRECATED_OBJC_IMPLEMENTATIONS = YES;
				CLANG_WARN_DIRECT_OBJC_ISA_USAGE = YES_ERROR;
				CLANG_WARN_DOCUMENTATION_COMMENTS = YES;
				CLANG_WARN_EMPTY_BODY = YES;
				CLANG_WARN_ENUM_CONVERSION = YES;
				CLANG_WARN_INFINITE_RECURSION = YES;
				CLANG_WARN_INT_CONVERSION = YES;
				CLANG_WARN_NON_LITERAL_NULL_CONVERSION = YES;
				CLANG_WARN_OBJC_IMPLICIT_RETAIN_SELF = YES;
				CLANG_WARN_OBJC_LITERAL_CONVERSION = YES;
				CLANG_WARN_OBJC_ROOT_CLASS = YES_ERROR;
				CLANG_WARN_QUOTED_INCLUDE_IN_FRAMEWORK_HEADER = YES;
				CLANG_WARN_RANGE_LOOP_ANALYSIS = YES;
				CLANG_WARN_STRICT_PROTOTYPES = YES;
				CLANG_WARN_SUSPICIOUS_MOVE = YES;
				CLANG_WARN_UNGUARDED_AVAILABILITY = YES_AGGRESSIVE;
				CLANG_WARN_UNREACHABLE_CODE = YES;
				CLANG_WARN__DUPLICATE_METHOD_MATCH = YES;
				COPY_PHASE_STRIP = NO;
				DEBUG_INFORMATION_FORMAT = "dwarf-with-dsym";
				ENABLE_NS_ASSERTIONS = NO;
				ENABLE_STRICT_OBJC_MSGSEND = YES;
				GCC_C_LANGUAGE_STANDARD = gnu11;
				GCC_NO_COMMON_BLOCKS = YES;
				GCC_WARN_64_TO_32_BIT_CONVERSION = YES;
				GCC_WARN_ABOUT_RETURN_TYPE = YES_ERROR;
				GCC_WARN_UNDECLARED_SELECTOR = YES;
				GCC_WARN_UNINITIALIZED_AUTOS = YES_AGGRESSIVE;
				GCC_WARN_UNUSED_FUNCTION = YES;
				GCC_WARN_UNUSED_VARIABLE = YES;
				IPHONEOS_DEPLOYMENT_TARGET = 16.4;
				MTL_ENABLE_DEBUG_INFO = NO;
				MTL_FAST_MATH = YES;
				SDKROOT = iphoneos;
				SWIFT_COMPILATION_MODE = wholemodule;
				SWIFT_OPTIMIZATION_LEVEL = "-O";
				VALIDATE_PRODUCT = YES;
			};
			name = Release;
		};
		8F52D9202A9AFC700084D0F3 /* Debug */ = {
			isa = XCBuildConfiguration;
			buildSettings = {
				ASSETCATALOG_COMPILER_APPICON_NAME = AppIcon;
				ASSETCATALOG_COMPILER_GLOBAL_ACCENT_COLOR_NAME = AccentColor;
				CODE_SIGN_STYLE = Automatic;
				CURRENT_PROJECT_VERSION = 1;
				DEVELOPMENT_ASSET_PATHS = "\"TodoList/Preview Content\"";
				DEVELOPMENT_TEAM = BCVS5V334P;
				ENABLE_PREVIEWS = YES;
				GENERATE_INFOPLIST_FILE = YES;
				INFOPLIST_KEY_CFBundleDisplayName = "To Do List";
				INFOPLIST_KEY_UIApplicationSceneManifest_Generation = YES;
				INFOPLIST_KEY_UIApplicationSupportsIndirectInputEvents = YES;
				INFOPLIST_KEY_UILaunchScreen_Generation = YES;
				INFOPLIST_KEY_UISupportedInterfaceOrientations = UIInterfaceOrientationPortrait;
				LD_RUNPATH_SEARCH_PATHS = (
					"$(inherited)",
					"@executable_path/Frameworks",
				);
				MARKETING_VERSION = 1.0;
				PRODUCT_BUNDLE_IDENTIFIER = br.com.fzsapps.TodoList;
				PRODUCT_NAME = "$(TARGET_NAME)";
				SUPPORTED_PLATFORMS = "iphoneos iphonesimulator";
				SUPPORTS_MACCATALYST = NO;
				SUPPORTS_MAC_DESIGNED_FOR_IPHONE_IPAD = NO;
				SWIFT_EMIT_LOC_STRINGS = YES;
				SWIFT_VERSION = 5.0;
				TARGETED_DEVICE_FAMILY = "1,2";
			};
			name = Debug;
		};
		8F52D9212A9AFC700084D0F3 /* Release */ = {
			isa = XCBuildConfiguration;
			buildSettings = {
				ASSETCATALOG_COMPILER_APPICON_NAME = AppIcon;
				ASSETCATALOG_COMPILER_GLOBAL_ACCENT_COLOR_NAME = AccentColor;
				CODE_SIGN_STYLE = Automatic;
				CURRENT_PROJECT_VERSION = 1;
				DEVELOPMENT_ASSET_PATHS = "\"TodoList/Preview Content\"";
				DEVELOPMENT_TEAM = BCVS5V334P;
				ENABLE_PREVIEWS = YES;
				GENERATE_INFOPLIST_FILE = YES;
				INFOPLIST_KEY_CFBundleDisplayName = "To Do List";
				INFOPLIST_KEY_UIApplicationSceneManifest_Generation = YES;
				INFOPLIST_KEY_UIApplicationSupportsIndirectInputEvents = YES;
				INFOPLIST_KEY_UILaunchScreen_Generation = YES;
				INFOPLIST_KEY_UISupportedInterfaceOrientations = UIInterfaceOrientationPortrait;
				LD_RUNPATH_SEARCH_PATHS = (
					"$(inherited)",
					"@executable_path/Frameworks",
				);
				MARKETING_VERSION = 1.0;
				PRODUCT_BUNDLE_IDENTIFIER = br.com.fzsapps.TodoList;
				PRODUCT_NAME = "$(TARGET_NAME)";
				SUPPORTED_PLATFORMS = "iphoneos iphonesimulator";
				SUPPORTS_MACCATALYST = NO;
				SUPPORTS_MAC_DESIGNED_FOR_IPHONE_IPAD = NO;
				SWIFT_EMIT_LOC_STRINGS = YES;
				SWIFT_VERSION = 5.0;
				TARGETED_DEVICE_FAMILY = "1,2";
			};
			name = Release;
		};
/* End XCBuildConfiguration section */

/* Begin XCConfigurationList section */
		8F52D90C2A9AFC6F0084D0F3 /* Build configuration list for PBXProject "TodoList" */ = {
			isa = XCConfigurationList;
			buildConfigurations = (
				8F52D91D2A9AFC700084D0F3 /* Debug */,
				8F52D91E2A9AFC700084D0F3 /* Release */,
			);
			defaultConfigurationIsVisible = 0;
			defaultConfigurationName = Release;
		};
		8F52D91F2A9AFC700084D0F3 /* Build configuration list for PBXNativeTarget "TodoList" */ = {
			isa = XCConfigurationList;
			buildConfigurations = (
				8F52D9202A9AFC700084D0F3 /* Debug */,
				8F52D9212A9AFC700084D0F3 /* Release */,
			);
			defaultConfigurationIsVisible = 0;
			defaultConfigurationName = Release;
		};
/* End XCConfigurationList section */

/* Begin XCRemoteSwiftPackageReference section */
		8F52D9222A9B01E40084D0F3 /* XCRemoteSwiftPackageReference "firebase-ios-sdk" */ = {
			isa = XCRemoteSwiftPackageReference;
			repositoryURL = "https://github.com/firebase/firebase-ios-sdk";
			requirement = {
				kind = upToNextMajorVersion;
				minimumVersion = 10.0.0;
			};
		};
/* End XCRemoteSwiftPackageReference section */

/* Begin XCSwiftPackageProductDependency section */
		8F52D9232A9B01E40084D0F3 /* FirebaseAuth */ = {
			isa = XCSwiftPackageProductDependency;
			package = 8F52D9222A9B01E40084D0F3 /* XCRemoteSwiftPackageReference "firebase-ios-sdk" */;
			productName = FirebaseAuth;
		};
		8F52D9252A9B01E40084D0F3 /* FirebaseFirestore */ = {
			isa = XCSwiftPackageProductDependency;
			package = 8F52D9222A9B01E40084D0F3 /* XCRemoteSwiftPackageReference "firebase-ios-sdk" */;
			productName = FirebaseFirestore;
		};
		8F52D9272A9B01E40084D0F3 /* FirebaseFirestoreSwift */ = {
			isa = XCSwiftPackageProductDependency;
			package = 8F52D9222A9B01E40084D0F3 /* XCRemoteSwiftPackageReference "firebase-ios-sdk" */;
			productName = FirebaseFirestoreSwift;
		};
/* End XCSwiftPackageProductDependency section */
	};
	rootObject = 8F52D9092A9AFC6F0084D0F3 /* Project object */;
}
